// !$*UTF8*$!
{
	archiveVersion = 1;
	classes = {
	};
	objectVersion = 50;
	objects = {

/* Begin PBXBuildFile section */
		A44781504310A2701C4476CC /* Pods_Test_Swift.framework in Frameworks */ = {isa = PBXBuildFile; fileRef = 8672CEB6034AD869185622E8 /* Pods_Test_Swift.framework */; };
		A9AE5FED21FF985600C16367 /* AppDelegate.swift in Sources */ = {isa = PBXBuildFile; fileRef = A9AE5FEC21FF985600C16367 /* AppDelegate.swift */; };
		A9AE5FEF21FF985600C16367 /* ViewController.swift in Sources */ = {isa = PBXBuildFile; fileRef = A9AE5FEE21FF985600C16367 /* ViewController.swift */; };
		A9AE5FF221FF985600C16367 /* Main.storyboard in Resources */ = {isa = PBXBuildFile; fileRef = A9AE5FF021FF985600C16367 /* Main.storyboard */; };
		A9AE5FF421FF985700C16367 /* Assets.xcassets in Resources */ = {isa = PBXBuildFile; fileRef = A9AE5FF321FF985700C16367 /* Assets.xcassets */; };
		A9AE5FF721FF985700C16367 /* LaunchScreen.storyboard in Resources */ = {isa = PBXBuildFile; fileRef = A9AE5FF521FF985700C16367 /* LaunchScreen.storyboard */; };
/* End PBXBuildFile section */

/* Begin PBXFileReference section */
		3C57057DB25493C898D5E48B /* Pods-Test_Swift.release.xcconfig */ = {isa = PBXFileReference; includeInIndex = 1; lastKnownFileType = text.xcconfig; name = "Pods-Test_Swift.release.xcconfig"; path = "Pods/Target Support Files/Pods-Test_Swift/Pods-Test_Swift.release.xcconfig"; sourceTree = "<group>"; };
		8672CEB6034AD869185622E8 /* Pods_Test_Swift.framework */ = {isa = PBXFileReference; explicitFileType = wrapper.framework; includeInIndex = 0; path = Pods_Test_Swift.framework; sourceTree = BUILT_PRODUCTS_DIR; };
		A9AE5FE921FF985600C16367 /* Test_Swift.app */ = {isa = PBXFileReference; explicitFileType = wrapper.application; includeInIndex = 0; path = Test_Swift.app; sourceTree = BUILT_PRODUCTS_DIR; };
		A9AE5FEC21FF985600C16367 /* AppDelegate.swift */ = {isa = PBXFileReference; lastKnownFileType = sourcecode.swift; path = AppDelegate.swift; sourceTree = "<group>"; };
		A9AE5FEE21FF985600C16367 /* ViewController.swift */ = {isa = PBXFileReference; lastKnownFileType = sourcecode.swift; path = ViewController.swift; sourceTree = "<group>"; };
		A9AE5FF121FF985600C16367 /* Base */ = {isa = PBXFileReference; lastKnownFileType = file.storyboard; name = Base; path = Base.lproj/Main.storyboard; sourceTree = "<group>"; };
		A9AE5FF321FF985700C16367 /* Assets.xcassets */ = {isa = PBXFileReference; lastKnownFileType = folder.assetcatalog; path = Assets.xcassets; sourceTree = "<group>"; };
		A9AE5FF621FF985700C16367 /* Base */ = {isa = PBXFileReference; lastKnownFileType = file.storyboard; name = Base; path = Base.lproj/LaunchScreen.storyboard; sourceTree = "<group>"; };
		A9AE5FF821FF985700C16367 /* Info.plist */ = {isa = PBXFileReference; lastKnownFileType = text.plist.xml; path = Info.plist; sourceTree = "<group>"; };
		C30F0168038B81EE2BE07B22 /* Pods-Test_Swift.debug.xcconfig */ = {isa = PBXFileReference; includeInIndex = 1; lastKnownFileType = text.xcconfig; name = "Pods-Test_Swift.debug.xcconfig"; path = "Pods/Target Support Files/Pods-Test_Swift/Pods-Test_Swift.debug.xcconfig"; sourceTree = "<group>"; };
/* End PBXFileReference section */

/* Begin PBXFrameworksBuildPhase section */
		A9AE5FE621FF985600C16367 /* Frameworks */ = {
			isa = PBXFrameworksBuildPhase;
			buildActionMask = 2147483647;
			files = (
				A44781504310A2701C4476CC /* Pods_Test_Swift.framework in Frameworks */,
			);
			runOnlyForDeploymentPostprocessing = 0;
		};
/* End PBXFrameworksBuildPhase section */

/* Begin PBXGroup section */
		3AC0EA13585CAE0D935939BD /* Frameworks */ = {
			isa = PBXGroup;
			children = (
				8672CEB6034AD869185622E8 /* Pods_Test_Swift.framework */,
			);
			name = Frameworks;
			sourceTree = "<group>";
		};
		A71BD08A4F870C2328BDE596 /* Pods */ = {
			isa = PBXGroup;
			children = (
				C30F0168038B81EE2BE07B22 /* Pods-Test_Swift.debug.xcconfig */,
				3C57057DB25493C898D5E48B /* Pods-Test_Swift.release.xcconfig */,
			);
			name = Pods;
			sourceTree = "<group>";
		};
		A9AE5FE021FF985600C16367 = {
			isa = PBXGroup;
			children = (
				A9AE5FEB21FF985600C16367 /* Test_Swift */,
				A9AE5FEA21FF985600C16367 /* Products */,
				A71BD08A4F870C2328BDE596 /* Pods */,
				3AC0EA13585CAE0D935939BD /* Frameworks */,
			);
			sourceTree = "<group>";
		};
		A9AE5FEA21FF985600C16367 /* Products */ = {
			isa = PBXGroup;
			children = (
				A9AE5FE921FF985600C16367 /* Test_Swift.app */,
			);
			name = Products;
			sourceTree = "<group>";
		};
		A9AE5FEB21FF985600C16367 /* Test_Swift */ = {
			isa = PBXGroup;
			children = (
				A9AE5FEC21FF985600C16367 /* AppDelegate.swift */,
				A9AE5FEE21FF985600C16367 /* ViewController.swift */,
				A9AE5FF021FF985600C16367 /* Main.storyboard */,
				A9AE5FF321FF985700C16367 /* Assets.xcassets */,
				A9AE5FF521FF985700C16367 /* LaunchScreen.storyboard */,
				A9AE5FF821FF985700C16367 /* Info.plist */,
			);
			path = Test_Swift;
			sourceTree = "<group>";
		};
/* End PBXGroup section */

/* Begin PBXNativeTarget section */
		A9AE5FE821FF985600C16367 /* Test_Swift */ = {
			isa = PBXNativeTarget;
			buildConfigurationList = A9AE5FFB21FF985700C16367 /* Build configuration list for PBXNativeTarget "Test_Swift" */;
			buildPhases = (
				13B438FC8772F56E5A6B28A1 /* [CP] Check Pods Manifest.lock */,
				A9AE5FE521FF985600C16367 /* Sources */,
				A9AE5FE621FF985600C16367 /* Frameworks */,
				A9AE5FE721FF985600C16367 /* Resources */,
				32B7C3262F5ED12196A1D0DD /* [CP] Embed Pods Frameworks */,
			);
			buildRules = (
			);
			dependencies = (
			);
			name = Test_Swift;
			productName = Test_Swift;
			productReference = A9AE5FE921FF985600C16367 /* Test_Swift.app */;
			productType = "com.apple.product-type.application";
		};
/* End PBXNativeTarget section */

/* Begin PBXProject section */
		A9AE5FE121FF985600C16367 /* Project object */ = {
			isa = PBXProject;
			attributes = {
				LastSwiftUpdateCheck = 1010;
				LastUpgradeCheck = 1010;
				ORGANIZATIONNAME = OpenRoad;
				TargetAttributes = {
					A9AE5FE821FF985600C16367 = {
						CreatedOnToolsVersion = 10.1;
					};
				};
			};
			buildConfigurationList = A9AE5FE421FF985600C16367 /* Build configuration list for PBXProject "Test_Swift" */;
			compatibilityVersion = "Xcode 9.3";
			developmentRegion = en;
			hasScannedForEncodings = 0;
			knownRegions = (
				en,
				Base,
			);
			mainGroup = A9AE5FE021FF985600C16367;
			productRefGroup = A9AE5FEA21FF985600C16367 /* Products */;
			projectDirPath = "";
			projectRoot = "";
			targets = (
				A9AE5FE821FF985600C16367 /* Test_Swift */,
			);
		};
/* End PBXProject section */

/* Begin PBXResourcesBuildPhase section */
		A9AE5FE721FF985600C16367 /* Resources */ = {
			isa = PBXResourcesBuildPhase;
			buildActionMask = 2147483647;
			files = (
				A9AE5FF721FF985700C16367 /* LaunchScreen.storyboard in Resources */,
				A9AE5FF421FF985700C16367 /* Assets.xcassets in Resources */,
				A9AE5FF221FF985600C16367 /* Main.storyboard in Resources */,
			);
			runOnlyForDeploymentPostprocessing = 0;
		};
/* End PBXResourcesBuildPhase section */

/* Begin PBXShellScriptBuildPhase section */
		13B438FC8772F56E5A6B28A1 /* [CP] Check Pods Manifest.lock */ = {
			isa = PBXShellScriptBuildPhase;
			buildActionMask = 2147483647;
			files = (
			);
			inputFileListPaths = (
			);
			inputPaths = (
				"${PODS_PODFILE_DIR_PATH}/Podfile.lock",
				"${PODS_ROOT}/Manifest.lock",
			);
			name = "[CP] Check Pods Manifest.lock";
			outputFileListPaths = (
			);
			outputPaths = (
				"$(DERIVED_FILE_DIR)/Pods-Test_Swift-checkManifestLockResult.txt",
			);
			runOnlyForDeploymentPostprocessing = 0;
			shellPath = /bin/sh;
			shellScript = "diff \"${PODS_PODFILE_DIR_PATH}/Podfile.lock\" \"${PODS_ROOT}/Manifest.lock\" > /dev/null\nif [ $? != 0 ] ; then\n    # print error to STDERR\n    echo \"error: The sandbox is not in sync with the Podfile.lock. Run 'pod install' or update your CocoaPods installation.\" >&2\n    exit 1\nfi\n# This output is used by Xcode 'outputs' to avoid re-running this script phase.\necho \"SUCCESS\" > \"${SCRIPT_OUTPUT_FILE_0}\"\n";
			showEnvVarsInLog = 0;
		};
		32B7C3262F5ED12196A1D0DD /* [CP] Embed Pods Frameworks */ = {
			isa = PBXShellScriptBuildPhase;
			buildActionMask = 2147483647;
			files = (
			);
			inputFileListPaths = (
			);
			inputPaths = (
				"${SRCROOT}/Pods/Target Support Files/Pods-Test_Swift/Pods-Test_Swift-frameworks.sh",
				"${BUILT_PRODUCTS_DIR}/AppStoreRatings/AppStoreRatings.framework",
			);
			name = "[CP] Embed Pods Frameworks";
			outputFileListPaths = (
			);
			outputPaths = (
				"${TARGET_BUILD_DIR}/${FRAMEWORKS_FOLDER_PATH}/AppStoreRatings.framework",
			);
			runOnlyForDeploymentPostprocessing = 0;
			shellPath = /bin/sh;
			shellScript = "\"${SRCROOT}/Pods/Target Support Files/Pods-Test_Swift/Pods-Test_Swift-frameworks.sh\"\n";
			showEnvVarsInLog = 0;
		};
/* End PBXShellScriptBuildPhase section */

/* Begin PBXSourcesBuildPhase section */
		A9AE5FE521FF985600C16367 /* Sources */ = {
			isa = PBXSourcesBuildPhase;
			buildActionMask = 2147483647;
			files = (
				A9AE5FEF21FF985600C16367 /* ViewController.swift in Sources */,
				A9AE5FED21FF985600C16367 /* AppDelegate.swift in Sources */,
			);
			runOnlyForDeploymentPostprocessing = 0;
		};
/* End PBXSourcesBuildPhase section */

/* Begin PBXVariantGroup section */
		A9AE5FF021FF985600C16367 /* Main.storyboard */ = {
			isa = PBXVariantGroup;
			children = (
				A9AE5FF121FF985600C16367 /* Base */,
			);
			name = Main.storyboard;
			sourceTree = "<group>";
		};
		A9AE5FF521FF985700C16367 /* LaunchScreen.storyboard */ = {
			isa = PBXVariantGroup;
			children = (
				A9AE5FF621FF985700C16367 /* Base */,
			);
			name = LaunchScreen.storyboard;
			sourceTree = "<group>";
		};
/* End PBXVariantGroup section */

/* Begin XCBuildConfiguration section */
		A9AE5FF921FF985700C16367 /* Debug */ = {
			isa = XCBuildConfiguration;
			buildSettings = {
				ALWAYS_SEARCH_USER_PATHS = NO;
				CLANG_ANALYZER_NONNULL = YES;
				CLANG_ANALYZER_NUMBER_OBJECT_CONVERSION = YES_AGGRESSIVE;
				CLANG_CXX_LANGUAGE_STANDARD = "gnu++14";
				CLANG_CXX_LIBRARY = "libc++";
				CLANG_ENABLE_MODULES = YES;
				CLANG_ENABLE_OBJC_ARC = YES;
				CLANG_ENABLE_OBJC_WEAK = YES;
				CLANG_WARN_BLOCK_CAPTURE_AUTORELEASING = YES;
				CLANG_WARN_BOOL_CONVERSION = YES;
				CLANG_WARN_COMMA = YES;
				CLANG_WARN_CONSTANT_CONVERSION = YES;
				CLANG_WARN_DEPRECATED_OBJC_IMPLEMENTATIONS = YES;
				CLANG_WARN_DIRECT_OBJC_ISA_USAGE = YES_ERROR;
				CLANG_WARN_DOCUMENTATION_COMMENTS = YES;
				CLANG_WARN_EMPTY_BODY = YES;
				CLANG_WARN_ENUM_CONVERSION = YES;
				CLANG_WARN_INFINITE_RECURSION = YES;
				CLANG_WARN_INT_CONVERSION = YES;
				CLANG_WARN_NON_LITERAL_NULL_CONVERSION = YES;
				CLANG_WARN_OBJC_IMPLICIT_RETAIN_SELF = YES;
				CLANG_WARN_OBJC_LITERAL_CONVERSION = YES;
				CLANG_WARN_OBJC_ROOT_CLASS = YES_ERROR;
				CLANG_WARN_RANGE_LOOP_ANALYSIS = YES;
				CLANG_WARN_STRICT_PROTOTYPES = YES;
				CLANG_WARN_SUSPICIOUS_MOVE = YES;
				CLANG_WARN_UNGUARDED_AVAILABILITY = YES_AGGRESSIVE;
				CLANG_WARN_UNREACHABLE_CODE = YES;
				CLANG_WARN__DUPLICATE_METHOD_MATCH = YES;
				CODE_SIGN_IDENTITY = "iPhone Developer";
				COPY_PHASE_STRIP = NO;
				DEBUG_INFORMATION_FORMAT = dwarf;
				ENABLE_STRICT_OBJC_MSGSEND = YES;
				ENABLE_TESTABILITY = YES;
				GCC_C_LANGUAGE_STANDARD = gnu11;
				GCC_DYNAMIC_NO_PIC = NO;
				GCC_NO_COMMON_BLOCKS = YES;
				GCC_OPTIMIZATION_LEVEL = 0;
				GCC_PREPROCESSOR_DEFINITIONS = (
					"DEBUG=1",
					"$(inherited)",
				);
				GCC_WARN_64_TO_32_BIT_CONVERSION = YES;
				GCC_WARN_ABOUT_RETURN_TYPE = YES_ERROR;
				GCC_WARN_UNDECLARED_SELECTOR = YES;
				GCC_WARN_UNINITIALIZED_AUTOS = YES_AGGRESSIVE;
				GCC_WARN_UNUSED_FUNCTION = YES;
				GCC_WARN_UNUSED_VARIABLE = YES;
				IPHONEOS_DEPLOYMENT_TARGET = 12.1;
				MTL_ENABLE_DEBUG_INFO = INCLUDE_SOURCE;
				MTL_FAST_MATH = YES;
				ONLY_ACTIVE_ARCH = YES;
				SDKROOT = iphoneos;
				SWIFT_ACTIVE_COMPILATION_CONDITIONS = DEBUG;
				SWIFT_OPTIMIZATION_LEVEL = "-Onone";
			};
			name = Debug;
		};
		A9AE5FFA21FF985700C16367 /* Release */ = {
			isa = XCBuildConfiguration;
			buildSettings = {
				ALWAYS_SEARCH_USER_PATHS = NO;
				CLANG_ANALYZER_NONNULL = YES;
				CLANG_ANALYZER_NUMBER_OBJECT_CONVERSION = YES_AGGRESSIVE;
				CLANG_CXX_LANGUAGE_STANDARD = "gnu++14";
				CLANG_CXX_LIBRARY = "libc++";
				CLANG_ENABLE_MODULES = YES;
				CLANG_ENABLE_OBJC_ARC = YES;
				CLANG_ENABLE_OBJC_WEAK = YES;
				CLANG_WARN_BLOCK_CAPTURE_AUTORELEASING = YES;
				CLANG_WARN_BOOL_CONVERSION = YES;
				CLANG_WARN_COMMA = YES;
				CLANG_WARN_CONSTANT_CONVERSION = YES;
				CLANG_WARN_DEPRECATED_OBJC_IMPLEMENTATIONS = YES;
				CLANG_WARN_DIRECT_OBJC_ISA_USAGE = YES_ERROR;
				CLANG_WARN_DOCUMENTATION_COMMENTS = YES;
				CLANG_WARN_EMPTY_BODY = YES;
				CLANG_WARN_ENUM_CONVERSION = YES;
				CLANG_WARN_INFINITE_RECURSION = YES;
				CLANG_WARN_INT_CONVERSION = YES;
				CLANG_WARN_NON_LITERAL_NULL_CONVERSION = YES;
				CLANG_WARN_OBJC_IMPLICIT_RETAIN_SELF = YES;
				CLANG_WARN_OBJC_LITERAL_CONVERSION = YES;
				CLANG_WARN_OBJC_ROOT_CLASS = YES_ERROR;
				CLANG_WARN_RANGE_LOOP_ANALYSIS = YES;
				CLANG_WARN_STRICT_PROTOTYPES = YES;
				CLANG_WARN_SUSPICIOUS_MOVE = YES;
				CLANG_WARN_UNGUARDED_AVAILABILITY = YES_AGGRESSIVE;
				CLANG_WARN_UNREACHABLE_CODE = YES;
				CLANG_WARN__DUPLICATE_METHOD_MATCH = YES;
				CODE_SIGN_IDENTITY = "iPhone Developer";
				COPY_PHASE_STRIP = NO;
				DEBUG_INFORMATION_FORMAT = "dwarf-with-dsym";
				ENABLE_NS_ASSERTIONS = NO;
				ENABLE_STRICT_OBJC_MSGSEND = YES;
				GCC_C_LANGUAGE_STANDARD = gnu11;
				GCC_NO_COMMON_BLOCKS = YES;
				GCC_WARN_64_TO_32_BIT_CONVERSION = YES;
				GCC_WARN_ABOUT_RETURN_TYPE = YES_ERROR;
				GCC_WARN_UNDECLARED_SELECTOR = YES;
				GCC_WARN_UNINITIALIZED_AUTOS = YES_AGGRESSIVE;
				GCC_WARN_UNUSED_FUNCTION = YES;
				GCC_WARN_UNUSED_VARIABLE = YES;
				IPHONEOS_DEPLOYMENT_TARGET = 12.1;
				MTL_ENABLE_DEBUG_INFO = NO;
				MTL_FAST_MATH = YES;
				SDKROOT = iphoneos;
				SWIFT_COMPILATION_MODE = wholemodule;
				SWIFT_OPTIMIZATION_LEVEL = "-O";
				VALIDATE_PRODUCT = YES;
			};
			name = Release;
		};
		A9AE5FFC21FF985700C16367 /* Debug */ = {
			isa = XCBuildConfiguration;
			baseConfigurationReference = C30F0168038B81EE2BE07B22 /* Pods-Test_Swift.debug.xcconfig */;
			buildSettings = {
				ASSETCATALOG_COMPILER_APPICON_NAME = AppIcon;
				CODE_SIGN_STYLE = Automatic;
				DEVELOPMENT_TEAM = AZK6V3USB7;
				INFOPLIST_FILE = Test_Swift/Info.plist;
				LD_RUNPATH_SEARCH_PATHS = (
					"$(inherited)",
					"@executable_path/Frameworks",
				);
				PRODUCT_BUNDLE_IDENTIFIER = "es.openroad.Test-Swift";
				PRODUCT_NAME = "$(TARGET_NAME)";
				SWIFT_VERSION = 4.2;
				TARGETED_DEVICE_FAMILY = "1,2";
			};
			name = Debug;
		};
		A9AE5FFD21FF985700C16367 /* Release */ = {
			isa = XCBuildConfiguration;
			baseConfigurationReference = 3C57057DB25493C898D5E48B /* Pods-Test_Swift.release.xcconfig */;
			buildSettings = {
				ASSETCATALOG_COMPILER_APPICON_NAME = AppIcon;
				CODE_SIGN_STYLE = Automatic;
				DEVELOPMENT_TEAM = AZK6V3USB7;
				INFOPLIST_FILE = Test_Swift/Info.plist;
				LD_RUNPATH_SEARCH_PATHS = (
					"$(inherited)",
					"@executable_path/Frameworks",
				);
				PRODUCT_BUNDLE_IDENTIFIER = "es.openroad.Test-Swift";
				PRODUCT_NAME = "$(TARGET_NAME)";
				SWIFT_VERSION = 4.2;
				TARGETED_DEVICE_FAMILY = "1,2";
			};
			name = Release;
		};
/* End XCBuildConfiguration section */

/* Begin XCConfigurationList section */
		A9AE5FE421FF985600C16367 /* Build configuration list for PBXProject "Test_Swift" */ = {
			isa = XCConfigurationList;
			buildConfigurations = (
				A9AE5FF921FF985700C16367 /* Debug */,
				A9AE5FFA21FF985700C16367 /* Release */,
			);
			defaultConfigurationIsVisible = 0;
			defaultConfigurationName = Release;
		};
		A9AE5FFB21FF985700C16367 /* Build configuration list for PBXNativeTarget "Test_Swift" */ = {
			isa = XCConfigurationList;
			buildConfigurations = (
				A9AE5FFC21FF985700C16367 /* Debug */,
				A9AE5FFD21FF985700C16367 /* Release */,
			);
			defaultConfigurationIsVisible = 0;
			defaultConfigurationName = Release;
		};
/* End XCConfigurationList section */
	};
	rootObject = A9AE5FE121FF985600C16367 /* Project object */;
}
