PODS:
  - AppStoreRatings (1.0.0)

DEPENDENCIES:
  - AppStoreRatings (from `/Users/antonio/Development/IMI/modul_valoracions_ios`)

EXTERNAL SOURCES:
  AppStoreRatings:
    :path: "/Users/antonio/Development/IMI/modul_valoracions_ios"

SPEC CHECKSUMS:
  AppStoreRatings: f4e4085bb05df4612d84ad0bd56711eb40237325

PODFILE CHECKSUM: 17471510a8f17ccbc349f09155df4d65959817bd

COCOAPODS: 1.5.3
